{
  "nodes": {
    "anyrun": {
      "inputs": {
        "flake-parts": "flake-parts",
        "nixpkgs": [
          "nixpkgs"
        ]
      },
      "locked": {
        "lastModified": 1701453400,
        "narHash": "sha256-hI9+KBShsSfvWX7bmRa/1VI20WGat3lDXmbceMZzMS4=",
        "owner": "Kirottu",
        "repo": "anyrun",
        "rev": "e14da6c37337ffa3ee1bc66965d58ef64c1590e5",
        "type": "github"
      },
      "original": {
        "owner": "Kirottu",
        "repo": "anyrun",
        "type": "github"
      }
    },
    "base16-schemes": {
      "flake": false,
      "locked": {
        "lastModified": 1696158499,
        "narHash": "sha256-5yIHgDTPjoX/3oDEfLSQ0eJZdFL1SaCfb9d6M0RmOTM=",
        "owner": "tinted-theming",
        "repo": "base16-schemes",
        "rev": "a9112eaae86d9dd8ee6bb9445b664fba2f94037a",
        "type": "github"
      },
      "original": {
        "owner": "tinted-theming",
        "repo": "base16-schemes",
        "type": "github"
      }
    },
    "flake-compat": {
      "flake": false,
      "locked": {
        "lastModified": 1696426674,
        "narHash": "sha256-kvjfFW7WAETZlt09AgDn1MrtKzP7t90Vf7vypd3OL1U=",
        "owner": "edolstra",
        "repo": "flake-compat",
        "rev": "0f9255e01c2351cc7d116c072cb317785dd33b33",
        "type": "github"
      },
      "original": {
        "owner": "edolstra",
        "repo": "flake-compat",
        "type": "github"
      }
    },
    "flake-parts": {
      "inputs": {
        "nixpkgs-lib": [
          "anyrun",
          "nixpkgs"
        ]
      },
      "locked": {
        "lastModified": 1696343447,
        "narHash": "sha256-B2xAZKLkkeRFG5XcHHSXXcP7To9Xzr59KXeZiRf4vdQ=",
        "owner": "hercules-ci",
        "repo": "flake-parts",
        "rev": "c9afaba3dfa4085dbd2ccb38dfade5141e33d9d4",
        "type": "github"
      },
      "original": {
        "owner": "hercules-ci",
        "repo": "flake-parts",
        "type": "github"
      }
    },
    "flake-parts_2": {
      "inputs": {
        "nixpkgs-lib": [
          "neovim-nightly-overlay",
          "nixpkgs"
        ]
      },
      "locked": {
        "lastModified": 1704982712,
        "narHash": "sha256-2Ptt+9h8dczgle2Oo6z5ni5rt/uLMG47UFTR1ry/wgg=",
        "owner": "hercules-ci",
        "repo": "flake-parts",
        "rev": "07f6395285469419cf9d078f59b5b49993198c00",
        "type": "github"
      },
      "original": {
        "owner": "hercules-ci",
        "repo": "flake-parts",
        "type": "github"
      }
    },
    "flake-parts_3": {
      "inputs": {
        "nixpkgs-lib": [
          "neovim-nightly-overlay",
          "hercules-ci-effects",
          "nixpkgs"
        ]
      },
      "locked": {
        "lastModified": 1701473968,
        "narHash": "sha256-YcVE5emp1qQ8ieHUnxt1wCZCC3ZfAS+SRRWZ2TMda7E=",
        "owner": "hercules-ci",
        "repo": "flake-parts",
        "rev": "34fed993f1674c8d06d58b37ce1e0fe5eebcb9f5",
        "type": "github"
      },
      "original": {
        "id": "flake-parts",
        "type": "indirect"
      }
    },
    "flake-utils": {
      "inputs": {
        "systems": "systems_2"
      },
      "locked": {
        "lastModified": 1701680307,
        "narHash": "sha256-kAuep2h5ajznlPMD9rnQyffWG8EM/C73lejGofXvdM8=",
        "owner": "numtide",
        "repo": "flake-utils",
        "rev": "4022d587cbbfd70fe950c1e2083a02621806a725",
        "type": "github"
      },
      "original": {
        "owner": "numtide",
        "repo": "flake-utils",
        "type": "github"
      }
    },
    "hardware": {
      "locked": {
        "lastModified": 1706182238,
        "narHash": "sha256-Ti7CerGydU7xyrP/ow85lHsOpf+XMx98kQnPoQCSi1g=",
        "owner": "nixos",
        "repo": "nixos-hardware",
        "rev": "f84eaffc35d1a655e84749228cde19922fcf55f1",
        "type": "github"
      },
      "original": {
        "owner": "nixos",
        "repo": "nixos-hardware",
        "type": "github"
      }
    },
    "hercules-ci-effects": {
      "inputs": {
        "flake-parts": "flake-parts_3",
        "nixpkgs": [
          "neovim-nightly-overlay",
          "nixpkgs"
        ]
      },
      "locked": {
        "lastModified": 1704029560,
        "narHash": "sha256-a4Iu7x1OP+uSYpqadOu8VCPY+MPF3+f6KIi+MAxlgyw=",
        "owner": "hercules-ci",
        "repo": "hercules-ci-effects",
        "rev": "d5cbf433a6ae9cae05400189a8dbc6412a03ba16",
        "type": "github"
      },
      "original": {
        "owner": "hercules-ci",
        "repo": "hercules-ci-effects",
        "type": "github"
      }
    },
    "home-manager": {
      "inputs": {
        "nixpkgs": [
          "nixpkgs"
        ]
      },
      "locked": {
        "lastModified": 1706473109,
        "narHash": "sha256-iyuAvpKTsq2u23Cr07RcV5XlfKExrG8gRpF75hf1uVc=",
        "owner": "nix-community",
        "repo": "home-manager",
        "rev": "d634c3abafa454551f2083b054cd95c3f287be61",
        "type": "github"
      },
      "original": {
        "owner": "nix-community",
        "repo": "home-manager",
        "type": "github"
      }
    },
    "hyprland": {
      "inputs": {
        "hyprland-protocols": "hyprland-protocols",
        "nixpkgs": [
          "nixpkgs"
        ],
        "systems": "systems",
        "wlroots": "wlroots",
        "xdph": "xdph"
      },
      "locked": {
        "lastModified": 1706571425,
        "narHash": "sha256-VwVUPb5vuy4GGUx1XMhDMaKk9n8Gs5xUTG9CItoHL04=",
        "owner": "hyprwm",
        "repo": "Hyprland",
        "rev": "3ff59e7e1d859daa503b88ef125d087bc100abfe",
        "type": "github"
      },
      "original": {
        "owner": "hyprwm",
        "repo": "Hyprland",
        "type": "github"
      }
    },
    "hyprland-protocols": {
      "inputs": {
        "nixpkgs": [
          "hyprland",
          "nixpkgs"
        ],
        "systems": [
          "hyprland",
          "systems"
        ]
      },
      "locked": {
        "lastModified": 1691753796,
        "narHash": "sha256-zOEwiWoXk3j3+EoF3ySUJmberFewWlagvewDRuWYAso=",
        "owner": "hyprwm",
        "repo": "hyprland-protocols",
        "rev": "0c2ce70625cb30aef199cb388f99e19a61a6ce03",
        "type": "github"
      },
      "original": {
        "owner": "hyprwm",
        "repo": "hyprland-protocols",
        "type": "github"
      }
    },
    "hyprland-protocols_2": {
      "inputs": {
        "nixpkgs": [
          "xdg-portal-hyprland",
          "nixpkgs"
        ],
        "systems": [
          "xdg-portal-hyprland",
          "systems"
        ]
      },
      "locked": {
        "lastModified": 1691753796,
        "narHash": "sha256-zOEwiWoXk3j3+EoF3ySUJmberFewWlagvewDRuWYAso=",
        "owner": "hyprwm",
        "repo": "hyprland-protocols",
        "rev": "0c2ce70625cb30aef199cb388f99e19a61a6ce03",
        "type": "github"
      },
      "original": {
        "owner": "hyprwm",
        "repo": "hyprland-protocols",
        "type": "github"
      }
    },
    "hyprlang": {
      "inputs": {
        "nixpkgs": [
          "hyprland",
          "xdph",
          "nixpkgs"
        ]
      },
      "locked": {
        "lastModified": 1704287638,
        "narHash": "sha256-TuRXJGwtK440AXQNl5eiqmQqY4LZ/9+z/R7xC0ie3iA=",
        "owner": "hyprwm",
        "repo": "hyprlang",
        "rev": "6624f2bb66d4d27975766e81f77174adbe58ec97",
        "type": "github"
      },
      "original": {
        "owner": "hyprwm",
        "repo": "hyprlang",
        "type": "github"
      }
    },
    "hyprlang_2": {
      "inputs": {
        "nixpkgs": [
          "xdg-portal-hyprland",
          "nixpkgs"
        ]
      },
      "locked": {
        "lastModified": 1704287638,
        "narHash": "sha256-TuRXJGwtK440AXQNl5eiqmQqY4LZ/9+z/R7xC0ie3iA=",
        "owner": "hyprwm",
        "repo": "hyprlang",
        "rev": "6624f2bb66d4d27975766e81f77174adbe58ec97",
        "type": "github"
      },
      "original": {
        "owner": "hyprwm",
        "repo": "hyprlang",
        "type": "github"
      }
    },
    "impermanence": {
      "locked": {
        "lastModified": 1703656108,
        "narHash": "sha256-hCSUqdFJKHHbER8Cenf5JRzjMlBjIdwdftGQsO0xoJs=",
        "owner": "nix-community",
        "repo": "impermanence",
        "rev": "033643a45a4a920660ef91caa391fbffb14da466",
        "type": "github"
      },
      "original": {
        "owner": "nix-community",
        "repo": "impermanence",
        "type": "github"
      }
    },
    "neovim-flake": {
      "inputs": {
        "flake-utils": "flake-utils",
        "nixpkgs": [
          "neovim-nightly-overlay",
          "nixpkgs"
        ]
      },
      "locked": {
        "dir": "contrib",
        "lastModified": 1706140641,
        "narHash": "sha256-H1qHhkf7sF7yrG2rb9Ks1Y4EtLY3cXGp16KCGveJWY4=",
        "owner": "neovim",
        "repo": "neovim",
        "rev": "4e59422e1d4950a3042bad41a7b81c8db4f8b648",
        "type": "github"
      },
      "original": {
        "dir": "contrib",
        "owner": "neovim",
        "repo": "neovim",
        "type": "github"
      }
    },
    "neovim-nightly-overlay": {
      "inputs": {
        "flake-compat": "flake-compat",
        "flake-parts": "flake-parts_2",
        "hercules-ci-effects": "hercules-ci-effects",
        "neovim-flake": "neovim-flake",
        "nixpkgs": [
          "nixpkgs"
        ]
      },
      "locked": {
        "lastModified": 1706141075,
        "narHash": "sha256-o66/XFTXmcJSpEcO508V5r765HtgT8qtr+H4LRIB9BY=",
        "owner": "nix-community",
        "repo": "neovim-nightly-overlay",
        "rev": "1da2e054a16309d7d7f7669438c8b9a5ef1b4642",
        "type": "github"
      },
      "original": {
        "owner": "nix-community",
        "repo": "neovim-nightly-overlay",
        "type": "github"
      }
    },
    "nix-colors": {
      "inputs": {
        "base16-schemes": "base16-schemes",
        "nixpkgs-lib": "nixpkgs-lib"
      },
      "locked": {
        "lastModified": 1706615604,
        "narHash": "sha256-pwgVwvMN5nhSoQ6IUW/Uch3C0/ebuq5Xwmnqq+CD9sQ=",
        "owner": "misterio77",
        "repo": "nix-colors",
        "rev": "f84b4255d2c635c97378af20fa704561b9247435",
        "type": "github"
      },
      "original": {
        "owner": "misterio77",
        "repo": "nix-colors",
        "type": "github"
      }
    },
    "nix-index-db": {
      "inputs": {
        "nixpkgs": [
          "nixpkgs"
        ]
      },
      "locked": {
        "lastModified": 1706411424,
        "narHash": "sha256-BzziJYucEZvdCE985vjPoo3ztWcmUiSQ1wJ2CoT6jCc=",
        "owner": "Mic92",
        "repo": "nix-index-database",
        "rev": "c782f2a4f6fc94311ab5ef31df2f1149a1856181",
        "type": "github"
      },
      "original": {
        "owner": "Mic92",
        "repo": "nix-index-database",
        "type": "github"
      }
    },
    "nixpkgs": {
      "locked": {
        "lastModified": 1706371002,
        "narHash": "sha256-dwuorKimqSYgyu8Cw6ncKhyQjUDOyuXoxDTVmAXq88s=",
        "owner": "nixos",
        "repo": "nixpkgs",
        "rev": "c002c6aa977ad22c60398daaa9be52f2203d0006",
        "type": "github"
      },
      "original": {
        "owner": "nixos",
        "ref": "nixos-unstable",
        "repo": "nixpkgs",
        "type": "github"
      }
    },
    "nixpkgs-lib": {
      "locked": {
        "lastModified": 1697935651,
        "narHash": "sha256-qOfWjQ2JQSQL15KLh6D7xQhx0qgZlYZTYlcEiRuAMMw=",
        "owner": "nix-community",
        "repo": "nixpkgs.lib",
        "rev": "e1e11fdbb01113d85c7f41cada9d2847660e3902",
        "type": "github"
      },
      "original": {
        "owner": "nix-community",
        "repo": "nixpkgs.lib",
        "type": "github"
      }
    },
    "nixpkgs_2": {
      "locked": {
        "lastModified": 1703961334,
        "narHash": "sha256-M1mV/Cq+pgjk0rt6VxoyyD+O8cOUiai8t9Q6Yyq4noY=",
        "owner": "NixOS",
        "repo": "nixpkgs",
        "rev": "b0d36bd0a420ecee3bc916c91886caca87c894e9",
        "type": "github"
      },
      "original": {
        "owner": "NixOS",
        "ref": "nixos-unstable",
        "repo": "nixpkgs",
        "type": "github"
      }
    },
    "root": {
      "inputs": {
        "anyrun": "anyrun",
        "hardware": "hardware",
        "home-manager": "home-manager",
        "hyprland": "hyprland",
        "impermanence": "impermanence",
        "neovim-nightly-overlay": "neovim-nightly-overlay",
        "nix-colors": "nix-colors",
        "nix-index-db": "nix-index-db",
        "nixpkgs": "nixpkgs",
        "xdg-portal-hyprland": "xdg-portal-hyprland"
      }
    },
    "systems": {
      "locked": {
        "lastModified": 1689347949,
        "narHash": "sha256-12tWmuL2zgBgZkdoB6qXZsgJEH9LR3oUgpaQq2RbI80=",
        "owner": "nix-systems",
        "repo": "default-linux",
        "rev": "31732fcf5e8fea42e59c2488ad31a0e651500f68",
        "type": "github"
      },
      "original": {
        "owner": "nix-systems",
        "repo": "default-linux",
        "type": "github"
      }
    },
    "systems_2": {
      "locked": {
        "lastModified": 1681028828,
        "narHash": "sha256-Vy1rq5AaRuLzOxct8nz4T6wlgyUR7zLU309k9mBC768=",
        "owner": "nix-systems",
        "repo": "default",
        "rev": "da67096a3b9bf56a91d16901293e51ba5b49a27e",
        "type": "github"
      },
      "original": {
        "owner": "nix-systems",
        "repo": "default",
        "type": "github"
      }
    },
    "systems_3": {
      "locked": {
        "lastModified": 1689347949,
        "narHash": "sha256-12tWmuL2zgBgZkdoB6qXZsgJEH9LR3oUgpaQq2RbI80=",
        "owner": "nix-systems",
        "repo": "default-linux",
        "rev": "31732fcf5e8fea42e59c2488ad31a0e651500f68",
        "type": "github"
      },
      "original": {
        "owner": "nix-systems",
        "repo": "default-linux",
        "type": "github"
      }
    },
    "wlroots": {
      "flake": false,
      "locked": {
        "host": "gitlab.freedesktop.org",
        "lastModified": 1706359063,
        "narHash": "sha256-5HUTG0p+nCJv3cn73AmFHRZdfRV5AD5N43g8xAePSKM=",
        "owner": "wlroots",
        "repo": "wlroots",
        "rev": "00b869c1a96f300a8f25da95d624524895e0ddf2",
        "type": "gitlab"
      },
      "original": {
        "host": "gitlab.freedesktop.org",
        "owner": "wlroots",
        "repo": "wlroots",
        "rev": "00b869c1a96f300a8f25da95d624524895e0ddf2",
        "type": "gitlab"
      }
    },
    "xdg-portal-hyprland": {
      "inputs": {
        "hyprland-protocols": "hyprland-protocols_2",
        "hyprlang": "hyprlang_2",
        "nixpkgs": "nixpkgs_2",
        "systems": "systems_3"
      },
      "locked": {
        "lastModified": 1706521509,
        "narHash": "sha256-AInZ50acOJ3wzUwGzNr1TmxGTMx+8j6oSTzz4E7Vbp8=",
        "owner": "hyprwm",
        "repo": "xdg-desktop-portal-hyprland",
        "rev": "c06fd88b3da492b8f9067be021b9184f7012b5a8",
        "type": "github"
      },
      "original": {
        "owner": "hyprwm",
        "repo": "xdg-desktop-portal-hyprland",
        "type": "github"
      }
    },
    "xdph": {
      "inputs": {
        "hyprland-protocols": [
          "hyprland",
          "hyprland-protocols"
        ],
        "hyprlang": "hyprlang",
        "nixpkgs": [
          "hyprland",
          "nixpkgs"
        ],
        "systems": [
          "hyprland",
          "systems"
        ]
      },
      "locked": {
        "lastModified": 1706145785,
        "narHash": "sha256-j9MP4fv2U/vdRKAXXc2gyMTmYwVnHP6kHx1/y6jprrU=",
        "owner": "hyprwm",
        "repo": "xdg-desktop-portal-hyprland",
        "rev": "5a592647587cd20b9692a347df6939b6d371b3bb",
        "type": "github"
      },
      "original": {
        "owner": "hyprwm",
        "repo": "xdg-desktop-portal-hyprland",
        "type": "github"
      }
    }
  },
  "root": "root",
  "version": 7
}
